
Microsoft Visual Studio Solution File, Format Version 12.00
# Visual Studio Version 16
VisualStudioVersion = 16.0.31129.286
MinimumVisualStudioVersion = 10.0.40219.1
Project("{FAE04EC0-301F-11D3-BF4B-00C04F79EFBC}") = "Actividad Integradora 7 Problema 5", "Actividad Integradora 7 Problema 5.csproj", "{DE710F71-548F-4B2C-9865-1C7253B11FCB}"
EndProject
Global
	GlobalSection(SolutionConfigurationPlatforms) = preSolution
		Debug|Any CPU = Debug|Any CPU
		Release|Any CPU = Release|Any CPU
	EndGlobalSection
	GlobalSection(ProjectConfigurationPlatforms) = postSolution
		{DE710F71-548F-4B2C-9865-1C7253B11FCB}.Debug|Any CPU.ActiveCfg = Debug|Any CPU
		{DE710F71-548F-4B2C-9865-1C7253B11FCB}.Debug|Any CPU.Build.0 = Debug|Any CPU
		{DE710F71-548F-4B2C-9865-1C7253B11FCB}.Release|Any CPU.ActiveCfg = Release|Any CPU
		{DE710F71-548F-4B2C-9865-1C7253B11FCB}.Release|Any CPU.Build.0 = Release|Any CPU
	EndGlobalSection
	GlobalSection(SolutionProperties) = preSolution
		HideSolutionNode = FALSE
	EndGlobalSection
	GlobalSection(ExtensibilityGlobals) = postSolution
		SolutionGuid = {2CF2E1BB-927A-4475-A025-C4CBBB484FBD}
	EndGlobalSection
EndGlobal
